
Microsoft Visual Studio Solution File, Format Version 12.00
# Visual Studio 14
VisualStudioVersion = 14.0.23107.0
MinimumVisualStudioVersion = 10.0.40219.1
Project("{FAE04EC0-301F-11D3-BF4B-00C04F79EFBC}") = "ELib.Domain", "ELib.Domain\ELib.Domain.csproj", "{6556E528-064A-4BD9-A613-C60B182E130C}"
EndProject
Project("{FAE04EC0-301F-11D3-BF4B-00C04F79EFBC}") = "ELib.DAL", "ELib.DAL\ELib.DAL.csproj", "{388B9056-CBE1-4E9A-A637-17BDF5D85C8E}"
EndProject
Project("{FAE04EC0-301F-11D3-BF4B-00C04F79EFBC}") = "ELib.BL", "ELib.BL\ELib.BL.csproj", "{DA127493-AB50-43F3-BFEB-ECED72CE1890}"
EndProject
Project("{FAE04EC0-301F-11D3-BF4B-00C04F79EFBC}") = "ELib.Web", "ELib.Web\ELib.Web.csproj", "{B9D987DF-1551-44EA-8120-BAEB59FBCD5D}"
EndProject
Project("{FAE04EC0-301F-11D3-BF4B-00C04F79EFBC}") = "ELib.Common", "ELib.Common\ELib.Common.csproj", "{3DF22B2B-64DF-4CC5-8956-ADDB4195A021}"
EndProject
Project("{FAE04EC0-301F-11D3-BF4B-00C04F79EFBC}") = "ELib.Sandbox", "ELib.Sandbox\ELib.Sandbox.csproj", "{831E1DA5-A7D7-494B-8F72-3D04DA5A2950}"
EndProject
Global
	GlobalSection(SolutionConfigurationPlatforms) = preSolution
		Debug|Any CPU = Debug|Any CPU
		Release|Any CPU = Release|Any CPU
	EndGlobalSection
	GlobalSection(ProjectConfigurationPlatforms) = postSolution
		{6556E528-064A-4BD9-A613-C60B182E130C}.Debug|Any CPU.ActiveCfg = Debug|Any CPU
		{6556E528-064A-4BD9-A613-C60B182E130C}.Debug|Any CPU.Build.0 = Debug|Any CPU
		{6556E528-064A-4BD9-A613-C60B182E130C}.Release|Any CPU.ActiveCfg = Release|Any CPU
		{6556E528-064A-4BD9-A613-C60B182E130C}.Release|Any CPU.Build.0 = Release|Any CPU
		{388B9056-CBE1-4E9A-A637-17BDF5D85C8E}.Debug|Any CPU.ActiveCfg = Debug|Any CPU
		{388B9056-CBE1-4E9A-A637-17BDF5D85C8E}.Debug|Any CPU.Build.0 = Debug|Any CPU
		{388B9056-CBE1-4E9A-A637-17BDF5D85C8E}.Release|Any CPU.ActiveCfg = Release|Any CPU
		{388B9056-CBE1-4E9A-A637-17BDF5D85C8E}.Release|Any CPU.Build.0 = Release|Any CPU
		{DA127493-AB50-43F3-BFEB-ECED72CE1890}.Debug|Any CPU.ActiveCfg = Debug|Any CPU
		{DA127493-AB50-43F3-BFEB-ECED72CE1890}.Debug|Any CPU.Build.0 = Debug|Any CPU
		{DA127493-AB50-43F3-BFEB-ECED72CE1890}.Release|Any CPU.ActiveCfg = Release|Any CPU
		{DA127493-AB50-43F3-BFEB-ECED72CE1890}.Release|Any CPU.Build.0 = Release|Any CPU
		{B9D987DF-1551-44EA-8120-BAEB59FBCD5D}.Debug|Any CPU.ActiveCfg = Debug|Any CPU
		{B9D987DF-1551-44EA-8120-BAEB59FBCD5D}.Debug|Any CPU.Build.0 = Debug|Any CPU
		{B9D987DF-1551-44EA-8120-BAEB59FBCD5D}.Release|Any CPU.ActiveCfg = Release|Any CPU
		{B9D987DF-1551-44EA-8120-BAEB59FBCD5D}.Release|Any CPU.Build.0 = Release|Any CPU
		{3DF22B2B-64DF-4CC5-8956-ADDB4195A021}.Debug|Any CPU.ActiveCfg = Debug|Any CPU
		{3DF22B2B-64DF-4CC5-8956-ADDB4195A021}.Debug|Any CPU.Build.0 = Debug|Any CPU
		{3DF22B2B-64DF-4CC5-8956-ADDB4195A021}.Release|Any CPU.ActiveCfg = Release|Any CPU
		{3DF22B2B-64DF-4CC5-8956-ADDB4195A021}.Release|Any CPU.Build.0 = Release|Any CPU
		{831E1DA5-A7D7-494B-8F72-3D04DA5A2950}.Debug|Any CPU.ActiveCfg = Debug|Any CPU
		{831E1DA5-A7D7-494B-8F72-3D04DA5A2950}.Debug|Any CPU.Build.0 = Debug|Any CPU
		{831E1DA5-A7D7-494B-8F72-3D04DA5A2950}.Release|Any CPU.ActiveCfg = Release|Any CPU
		{831E1DA5-A7D7-494B-8F72-3D04DA5A2950}.Release|Any CPU.Build.0 = Release|Any CPU
	EndGlobalSection
	GlobalSection(SolutionProperties) = preSolution
		HideSolutionNode = FALSE
	EndGlobalSection
EndGlobal
